// !$*UTF8*$!
{
	archiveVersion = 1;
	classes = {
	};
	objectVersion = 56;
	objects = {

/* Begin PBXBuildFile section */
		231DEDF82ACDADC800C165B4 /* AppDelegate.swift in Sources */ = {isa = PBXBuildFile; fileRef = 231DEDF72ACDADC800C165B4 /* AppDelegate.swift */; };
		231DEDFA2ACDADC800C165B4 /* SceneDelegate.swift in Sources */ = {isa = PBXBuildFile; fileRef = 231DEDF92ACDADC800C165B4 /* SceneDelegate.swift */; };
		231DEDFC2ACDADC800C165B4 /* MainViewController.swift in Sources */ = {isa = PBXBuildFile; fileRef = 231DEDFB2ACDADC800C165B4 /* MainViewController.swift */; };
		231DEDFF2ACDADC800C165B4 /* Main.storyboard in Resources */ = {isa = PBXBuildFile; fileRef = 231DEDFD2ACDADC800C165B4 /* Main.storyboard */; };
		231DEE022ACDADC800C165B4 /* AppDatabase.xcdatamodeld in Sources */ = {isa = PBXBuildFile; fileRef = 231DEE002ACDADC800C165B4 /* AppDatabase.xcdatamodeld */; };
		231DEE042ACDADC900C165B4 /* Assets.xcassets in Resources */ = {isa = PBXBuildFile; fileRef = 231DEE032ACDADC900C165B4 /* Assets.xcassets */; };
		231DEE072ACDADC900C165B4 /* LaunchScreen.storyboard in Resources */ = {isa = PBXBuildFile; fileRef = 231DEE052ACDADC900C165B4 /* LaunchScreen.storyboard */; };
		231DEE132ACDB4BF00C165B4 /* UserDefaultsViewController.swift in Sources */ = {isa = PBXBuildFile; fileRef = 231DEE122ACDB4BF00C165B4 /* UserDefaultsViewController.swift */; };
		231DEE152ACDB4CC00C165B4 /* CoreDataViewController.swift in Sources */ = {isa = PBXBuildFile; fileRef = 231DEE142ACDB4CC00C165B4 /* CoreDataViewController.swift */; };
		231DEE172ACDB4E100C165B4 /* FileSystemViewController.swift in Sources */ = {isa = PBXBuildFile; fileRef = 231DEE162ACDB4E100C165B4 /* FileSystemViewController.swift */; };
		23672B422AD4351000FEE7D5 /* CoreDataUtil.swift in Sources */ = {isa = PBXBuildFile; fileRef = 23672B412AD4351000FEE7D5 /* CoreDataUtil.swift */; };
		23672B442AD4366F00FEE7D5 /* TestHistory.swift in Sources */ = {isa = PBXBuildFile; fileRef = 23672B432AD4366F00FEE7D5 /* TestHistory.swift */; };
/* End PBXBuildFile section */

/* Begin PBXFileReference section */
		231DEDF42ACDADC800C165B4 /* AppDatabase.app */ = {isa = PBXFileReference; explicitFileType = wrapper.application; includeInIndex = 0; path = AppDatabase.app; sourceTree = BUILT_PRODUCTS_DIR; };
		231DEDF72ACDADC800C165B4 /* AppDelegate.swift */ = {isa = PBXFileReference; lastKnownFileType = sourcecode.swift; path = AppDelegate.swift; sourceTree = "<group>"; };
		231DEDF92ACDADC800C165B4 /* SceneDelegate.swift */ = {isa = PBXFileReference; lastKnownFileType = sourcecode.swift; path = SceneDelegate.swift; sourceTree = "<group>"; };
		231DEDFB2ACDADC800C165B4 /* MainViewController.swift */ = {isa = PBXFileReference; lastKnownFileType = sourcecode.swift; path = MainViewController.swift; sourceTree = "<group>"; };
		231DEDFE2ACDADC800C165B4 /* Base */ = {isa = PBXFileReference; lastKnownFileType = file.storyboard; name = Base; path = Base.lproj/Main.storyboard; sourceTree = "<group>"; };
		231DEE012ACDADC800C165B4 /* AppDatabase.xcdatamodel */ = {isa = PBXFileReference; lastKnownFileType = wrapper.xcdatamodel; path = AppDatabase.xcdatamodel; sourceTree = "<group>"; };
		231DEE032ACDADC900C165B4 /* Assets.xcassets */ = {isa = PBXFileReference; lastKnownFileType = folder.assetcatalog; path = Assets.xcassets; sourceTree = "<group>"; };
		231DEE062ACDADC900C165B4 /* Base */ = {isa = PBXFileReference; lastKnownFileType = file.storyboard; name = Base; path = Base.lproj/LaunchScreen.storyboard; sourceTree = "<group>"; };
		231DEE082ACDADC900C165B4 /* Info.plist */ = {isa = PBXFileReference; lastKnownFileType = text.plist.xml; path = Info.plist; sourceTree = "<group>"; };
		231DEE122ACDB4BF00C165B4 /* UserDefaultsViewController.swift */ = {isa = PBXFileReference; lastKnownFileType = sourcecode.swift; path = UserDefaultsViewController.swift; sourceTree = "<group>"; };
		231DEE142ACDB4CC00C165B4 /* CoreDataViewController.swift */ = {isa = PBXFileReference; lastKnownFileType = sourcecode.swift; path = CoreDataViewController.swift; sourceTree = "<group>"; };
		231DEE162ACDB4E100C165B4 /* FileSystemViewController.swift */ = {isa = PBXFileReference; lastKnownFileType = sourcecode.swift; path = FileSystemViewController.swift; sourceTree = "<group>"; };
		23672B412AD4351000FEE7D5 /* CoreDataUtil.swift */ = {isa = PBXFileReference; lastKnownFileType = sourcecode.swift; path = CoreDataUtil.swift; sourceTree = "<group>"; };
		23672B432AD4366F00FEE7D5 /* TestHistory.swift */ = {isa = PBXFileReference; lastKnownFileType = sourcecode.swift; path = TestHistory.swift; sourceTree = "<group>"; };
/* End PBXFileReference section */

/* Begin PBXFrameworksBuildPhase section */
		231DEDF12ACDADC800C165B4 /* Frameworks */ = {
			isa = PBXFrameworksBuildPhase;
			buildActionMask = 2147483647;
			files = (
			);
			runOnlyForDeploymentPostprocessing = 0;
		};
/* End PBXFrameworksBuildPhase section */

/* Begin PBXGroup section */
		231DEDEB2ACDADC800C165B4 = {
			isa = PBXGroup;
			children = (
				231DEDF62ACDADC800C165B4 /* AppDatabase */,
				231DEDF52ACDADC800C165B4 /* Products */,
			);
			sourceTree = "<group>";
		};
		231DEDF52ACDADC800C165B4 /* Products */ = {
			isa = PBXGroup;
			children = (
				231DEDF42ACDADC800C165B4 /* AppDatabase.app */,
			);
			name = Products;
			sourceTree = "<group>";
		};
		231DEDF62ACDADC800C165B4 /* AppDatabase */ = {
			isa = PBXGroup;
			children = (
				231DEE1B2ACDB56D00C165B4 /* Application */,
				231DEE1A2ACDB56100C165B4 /* FileSystem */,
				231DEE192ACDB55A00C165B4 /* CoreData */,
				231DEE182ACDB55400C165B4 /* UserDefaults */,
				231DEE1C2ACDB57300C165B4 /* Resources */,
				231DEDFB2ACDADC800C165B4 /* MainViewController.swift */,
				231DEDFD2ACDADC800C165B4 /* Main.storyboard */,
			);
			path = AppDatabase;
			sourceTree = "<group>";
		};
		231DEE182ACDB55400C165B4 /* UserDefaults */ = {
			isa = PBXGroup;
			children = (
				231DEE122ACDB4BF00C165B4 /* UserDefaultsViewController.swift */,
			);
			path = UserDefaults;
			sourceTree = "<group>";
		};
		231DEE192ACDB55A00C165B4 /* CoreData */ = {
			isa = PBXGroup;
			children = (
				231DEE002ACDADC800C165B4 /* AppDatabase.xcdatamodeld */,
				231DEE142ACDB4CC00C165B4 /* CoreDataViewController.swift */,
				23672B412AD4351000FEE7D5 /* CoreDataUtil.swift */,
				23672B432AD4366F00FEE7D5 /* TestHistory.swift */,
			);
			path = CoreData;
			sourceTree = "<group>";
		};
		231DEE1A2ACDB56100C165B4 /* FileSystem */ = {
			isa = PBXGroup;
			children = (
				231DEE162ACDB4E100C165B4 /* FileSystemViewController.swift */,
			);
			path = FileSystem;
			sourceTree = "<group>";
		};
		231DEE1B2ACDB56D00C165B4 /* Application */ = {
			isa = PBXGroup;
			children = (
				231DEDF72ACDADC800C165B4 /* AppDelegate.swift */,
				231DEDF92ACDADC800C165B4 /* SceneDelegate.swift */,
			);
			path = Application;
			sourceTree = "<group>";
		};
		231DEE1C2ACDB57300C165B4 /* Resources */ = {
			isa = PBXGroup;
			children = (
				231DEE032ACDADC900C165B4 /* Assets.xcassets */,
				231DEE052ACDADC900C165B4 /* LaunchScreen.storyboard */,
				231DEE082ACDADC900C165B4 /* Info.plist */,
			);
			path = Resources;
			sourceTree = "<group>";
		};
/* End PBXGroup section */

/* Begin PBXNativeTarget section */
		231DEDF32ACDADC800C165B4 /* AppDatabase */ = {
			isa = PBXNativeTarget;
			buildConfigurationList = 231DEE0B2ACDADC900C165B4 /* Build configuration list for PBXNativeTarget "AppDatabase" */;
			buildPhases = (
				231DEDF02ACDADC800C165B4 /* Sources */,
				231DEDF12ACDADC800C165B4 /* Frameworks */,
				231DEDF22ACDADC800C165B4 /* Resources */,
			);
			buildRules = (
			);
			dependencies = (
			);
			name = AppDatabase;
			productName = AppDatabase;
			productReference = 231DEDF42ACDADC800C165B4 /* AppDatabase.app */;
			productType = "com.apple.product-type.application";
		};
/* End PBXNativeTarget section */

/* Begin PBXProject section */
		231DEDEC2ACDADC800C165B4 /* Project object */ = {
			isa = PBXProject;
			attributes = {
				BuildIndependentTargetsInParallel = 1;
				LastSwiftUpdateCheck = 1500;
				LastUpgradeCheck = 1500;
				TargetAttributes = {
					231DEDF32ACDADC800C165B4 = {
						CreatedOnToolsVersion = 15.0;
					};
				};
			};
			buildConfigurationList = 231DEDEF2ACDADC800C165B4 /* Build configuration list for PBXProject "AppDatabase" */;
			compatibilityVersion = "Xcode 14.0";
			developmentRegion = en;
			hasScannedForEncodings = 0;
			knownRegions = (
				en,
				Base,
			);
			mainGroup = 231DEDEB2ACDADC800C165B4;
			productRefGroup = 231DEDF52ACDADC800C165B4 /* Products */;
			projectDirPath = "";
			projectRoot = "";
			targets = (
				231DEDF32ACDADC800C165B4 /* AppDatabase */,
			);
		};
/* End PBXProject section */

/* Begin PBXResourcesBuildPhase section */
		231DEDF22ACDADC800C165B4 /* Resources */ = {
			isa = PBXResourcesBuildPhase;
			buildActionMask = 2147483647;
			files = (
				231DEE072ACDADC900C165B4 /* LaunchScreen.storyboard in Resources */,
				231DEE042ACDADC900C165B4 /* Assets.xcassets in Resources */,
				231DEDFF2ACDADC800C165B4 /* Main.storyboard in Resources */,
			);
			runOnlyForDeploymentPostprocessing = 0;
		};
/* End PBXResourcesBuildPhase section */

/* Begin PBXSourcesBuildPhase section */
		231DEDF02ACDADC800C165B4 /* Sources */ = {
			isa = PBXSourcesBuildPhase;
			buildActionMask = 2147483647;
			files = (
				23672B442AD4366F00FEE7D5 /* TestHistory.swift in Sources */,
				231DEDFC2ACDADC800C165B4 /* MainViewController.swift in Sources */,
				231DEE172ACDB4E100C165B4 /* FileSystemViewController.swift in Sources */,
				231DEE132ACDB4BF00C165B4 /* UserDefaultsViewController.swift in Sources */,
				231DEDF82ACDADC800C165B4 /* AppDelegate.swift in Sources */,
				231DEE152ACDB4CC00C165B4 /* CoreDataViewController.swift in Sources */,
				231DEE022ACDADC800C165B4 /* AppDatabase.xcdatamodeld in Sources */,
				23672B422AD4351000FEE7D5 /* CoreDataUtil.swift in Sources */,
				231DEDFA2ACDADC800C165B4 /* SceneDelegate.swift in Sources */,
			);
			runOnlyForDeploymentPostprocessing = 0;
		};
/* End PBXSourcesBuildPhase section */

/* Begin PBXVariantGroup section */
		231DEDFD2ACDADC800C165B4 /* Main.storyboard */ = {
			isa = PBXVariantGroup;
			children = (
				231DEDFE2ACDADC800C165B4 /* Base */,
			);
			name = Main.storyboard;
			sourceTree = "<group>";
		};
		231DEE052ACDADC900C165B4 /* LaunchScreen.storyboard */ = {
			isa = PBXVariantGroup;
			children = (
				231DEE062ACDADC900C165B4 /* Base */,
			);
			name = LaunchScreen.storyboard;
			sourceTree = "<group>";
		};
/* End PBXVariantGroup section */

/* Begin XCBuildConfiguration section */
		231DEE092ACDADC900C165B4 /* Debug */ = {
			isa = XCBuildConfiguration;
			buildSettings = {
				ALWAYS_SEARCH_USER_PATHS = NO;
				ASSETCATALOG_COMPILER_GENERATE_SWIFT_ASSET_SYMBOL_EXTENSIONS = YES;
				CLANG_ANALYZER_NONNULL = YES;
				CLANG_ANALYZER_NUMBER_OBJECT_CONVERSION = YES_AGGRESSIVE;
				CLANG_CXX_LANGUAGE_STANDARD = "gnu++20";
				CLANG_ENABLE_MODULES = YES;
				CLANG_ENABLE_OBJC_ARC = YES;
				CLANG_ENABLE_OBJC_WEAK = YES;
				CLANG_WARN_BLOCK_CAPTURE_AUTORELEASING = YES;
				CLANG_WARN_BOOL_CONVERSION = YES;
				CLANG_WARN_COMMA = YES;
				CLANG_WARN_CONSTANT_CONVERSION = YES;
				CLANG_WARN_DEPRECATED_OBJC_IMPLEMENTATIONS = YES;
				CLANG_WARN_DIRECT_OBJC_ISA_USAGE = YES_ERROR;
				CLANG_WARN_DOCUMENTATION_COMMENTS = YES;
				CLANG_WARN_EMPTY_BODY = YES;
				CLANG_WARN_ENUM_CONVERSION = YES;
				CLANG_WARN_INFINITE_RECURSION = YES;
				CLANG_WARN_INT_CONVERSION = YES;
				CLANG_WARN_NON_LITERAL_NULL_CONVERSION = YES;
				CLANG_WARN_OBJC_IMPLICIT_RETAIN_SELF = YES;
				CLANG_WARN_OBJC_LITERAL_CONVERSION = YES;
				CLANG_WARN_OBJC_ROOT_CLASS = YES_ERROR;
				CLANG_WARN_QUOTED_INCLUDE_IN_FRAMEWORK_HEADER = YES;
				CLANG_WARN_RANGE_LOOP_ANALYSIS = YES;
				CLANG_WARN_STRICT_PROTOTYPES = YES;
				CLANG_WARN_SUSPICIOUS_MOVE = YES;
				CLANG_WARN_UNGUARDED_AVAILABILITY = YES_AGGRESSIVE;
				CLANG_WARN_UNREACHABLE_CODE = YES;
				CLANG_WARN__DUPLICATE_METHOD_MATCH = YES;
				COPY_PHASE_STRIP = NO;
				DEBUG_INFORMATION_FORMAT = dwarf;
				ENABLE_STRICT_OBJC_MSGSEND = YES;
				ENABLE_TESTABILITY = YES;
				ENABLE_USER_SCRIPT_SANDBOXING = YES;
				GCC_C_LANGUAGE_STANDARD = gnu17;
				GCC_DYNAMIC_NO_PIC = NO;
				GCC_NO_COMMON_BLOCKS = YES;
				GCC_OPTIMIZATION_LEVEL = 0;
				GCC_PREPROCESSOR_DEFINITIONS = (
					"DEBUG=1",
					"$(inherited)",
				);
				GCC_WARN_64_TO_32_BIT_CONVERSION = YES;
				GCC_WARN_ABOUT_RETURN_TYPE = YES_ERROR;
				GCC_WARN_UNDECLARED_SELECTOR = YES;
				GCC_WARN_UNINITIALIZED_AUTOS = YES_AGGRESSIVE;
				GCC_WARN_UNUSED_FUNCTION = YES;
				GCC_WARN_UNUSED_VARIABLE = YES;
				IPHONEOS_DEPLOYMENT_TARGET = 17.0;
				LOCALIZATION_PREFERS_STRING_CATALOGS = YES;
				MTL_ENABLE_DEBUG_INFO = INCLUDE_SOURCE;
				MTL_FAST_MATH = YES;
				ONLY_ACTIVE_ARCH = YES;
				SDKROOT = iphoneos;
				SWIFT_ACTIVE_COMPILATION_CONDITIONS = "DEBUG $(inherited)";
				SWIFT_OPTIMIZATION_LEVEL = "-Onone";
			};
			name = Debug;
		};
		231DEE0A2ACDADC900C165B4 /* Release */ = {
			isa = XCBuildConfiguration;
			buildSettings = {
				ALWAYS_SEARCH_USER_PATHS = NO;
				ASSETCATALOG_COMPILER_GENERATE_SWIFT_ASSET_SYMBOL_EXTENSIONS = YES;
				CLANG_ANALYZER_NONNULL = YES;
				CLANG_ANALYZER_NUMBER_OBJECT_CONVERSION = YES_AGGRESSIVE;
				CLANG_CXX_LANGUAGE_STANDARD = "gnu++20";
				CLANG_ENABLE_MODULES = YES;
				CLANG_ENABLE_OBJC_ARC = YES;
				CLANG_ENABLE_OBJC_WEAK = YES;
				CLANG_WARN_BLOCK_CAPTURE_AUTORELEASING = YES;
				CLANG_WARN_BOOL_CONVERSION = YES;
				CLANG_WARN_COMMA = YES;
				CLANG_WARN_CONSTANT_CONVERSION = YES;
				CLANG_WARN_DEPRECATED_OBJC_IMPLEMENTATIONS = YES;
				CLANG_WARN_DIRECT_OBJC_ISA_USAGE = YES_ERROR;
				CLANG_WARN_DOCUMENTATION_COMMENTS = YES;
				CLANG_WARN_EMPTY_BODY = YES;
				CLANG_WARN_ENUM_CONVERSION = YES;
				CLANG_WARN_INFINITE_RECURSION = YES;
				CLANG_WARN_INT_CONVERSION = YES;
				CLANG_WARN_NON_LITERAL_NULL_CONVERSION = YES;
				CLANG_WARN_OBJC_IMPLICIT_RETAIN_SELF = YES;
				CLANG_WARN_OBJC_LITERAL_CONVERSION = YES;
				CLANG_WARN_OBJC_ROOT_CLASS = YES_ERROR;
				CLANG_WARN_QUOTED_INCLUDE_IN_FRAMEWORK_HEADER = YES;
				CLANG_WARN_RANGE_LOOP_ANALYSIS = YES;
				CLANG_WARN_STRICT_PROTOTYPES = YES;
				CLANG_WARN_SUSPICIOUS_MOVE = YES;
				CLANG_WARN_UNGUARDED_AVAILABILITY = YES_AGGRESSIVE;
				CLANG_WARN_UNREACHABLE_CODE = YES;
				CLANG_WARN__DUPLICATE_METHOD_MATCH = YES;
				COPY_PHASE_STRIP = NO;
				DEBUG_INFORMATION_FORMAT = "dwarf-with-dsym";
				ENABLE_NS_ASSERTIONS = NO;
				ENABLE_STRICT_OBJC_MSGSEND = YES;
				ENABLE_USER_SCRIPT_SANDBOXING = YES;
				GCC_C_LANGUAGE_STANDARD = gnu17;
				GCC_NO_COMMON_BLOCKS = YES;
				GCC_WARN_64_TO_32_BIT_CONVERSION = YES;
				GCC_WARN_ABOUT_RETURN_TYPE = YES_ERROR;
				GCC_WARN_UNDECLARED_SELECTOR = YES;
				GCC_WARN_UNINITIALIZED_AUTOS = YES_AGGRESSIVE;
				GCC_WARN_UNUSED_FUNCTION = YES;
				GCC_WARN_UNUSED_VARIABLE = YES;
				IPHONEOS_DEPLOYMENT_TARGET = 17.0;
				LOCALIZATION_PREFERS_STRING_CATALOGS = YES;
				MTL_ENABLE_DEBUG_INFO = NO;
				MTL_FAST_MATH = YES;
				SDKROOT = iphoneos;
				SWIFT_COMPILATION_MODE = wholemodule;
				VALIDATE_PRODUCT = YES;
			};
			name = Release;
		};
		231DEE0C2ACDADC900C165B4 /* Debug */ = {
			isa = XCBuildConfiguration;
			buildSettings = {
				ASSETCATALOG_COMPILER_APPICON_NAME = AppIcon;
				ASSETCATALOG_COMPILER_GLOBAL_ACCENT_COLOR_NAME = AccentColor;
				CODE_SIGN_STYLE = Automatic;
				CURRENT_PROJECT_VERSION = 1;
				DEVELOPMENT_TEAM = D349J9867P;
				GENERATE_INFOPLIST_FILE = YES;
				INFOPLIST_FILE = AppDatabase/Resources/Info.plist;
				INFOPLIST_KEY_UIApplicationSupportsIndirectInputEvents = YES;
				INFOPLIST_KEY_UILaunchStoryboardName = LaunchScreen;
				INFOPLIST_KEY_UIMainStoryboardFile = Main;
				INFOPLIST_KEY_UISupportedInterfaceOrientations_iPad = "UIInterfaceOrientationPortrait UIInterfaceOrientationPortraitUpsideDown UIInterfaceOrientationLandscapeLeft UIInterfaceOrientationLandscapeRight";
				INFOPLIST_KEY_UISupportedInterfaceOrientations_iPhone = "UIInterfaceOrientationPortrait UIInterfaceOrientationLandscapeLeft UIInterfaceOrientationLandscapeRight";
				LD_RUNPATH_SEARCH_PATHS = (
					"$(inherited)",
					"@executable_path/Frameworks",
				);
				MARKETING_VERSION = 1.0;
				PRODUCT_BUNDLE_IDENTIFIER = com.yeolmok.AppDatabase;
				PRODUCT_NAME = "$(TARGET_NAME)";
				SWIFT_EMIT_LOC_STRINGS = YES;
				SWIFT_VERSION = 5.0;
				TARGETED_DEVICE_FAMILY = "1,2";
			};
			name = Debug;
		};
		231DEE0D2ACDADC900C165B4 /* Release */ = {
			isa = XCBuildConfiguration;
			buildSettings = {
				ASSETCATALOG_COMPILER_APPICON_NAME = AppIcon;
				ASSETCATALOG_COMPILER_GLOBAL_ACCENT_COLOR_NAME = AccentColor;
				CODE_SIGN_STYLE = Automatic;
				CURRENT_PROJECT_VERSION = 1;
				DEVELOPMENT_TEAM = D349J9867P;
				GENERATE_INFOPLIST_FILE = YES;
				INFOPLIST_FILE = AppDatabase/Resources/Info.plist;
				INFOPLIST_KEY_UIApplicationSupportsIndirectInputEvents = YES;
				INFOPLIST_KEY_UILaunchStoryboardName = LaunchScreen;
				INFOPLIST_KEY_UIMainStoryboardFile = Main;
				INFOPLIST_KEY_UISupportedInterfaceOrientations_iPad = "UIInterfaceOrientationPortrait UIInterfaceOrientationPortraitUpsideDown UIInterfaceOrientationLandscapeLeft UIInterfaceOrientationLandscapeRight";
				INFOPLIST_KEY_UISupportedInterfaceOrientations_iPhone = "UIInterfaceOrientationPortrait UIInterfaceOrientationLandscapeLeft UIInterfaceOrientationLandscapeRight";
				LD_RUNPATH_SEARCH_PATHS = (
					"$(inherited)",
					"@executable_path/Frameworks",
				);
				MARKETING_VERSION = 1.0;
				PRODUCT_BUNDLE_IDENTIFIER = com.yeolmok.AppDatabase;
				PRODUCT_NAME = "$(TARGET_NAME)";
				SWIFT_EMIT_LOC_STRINGS = YES;
				SWIFT_VERSION = 5.0;
				TARGETED_DEVICE_FAMILY = "1,2";
			};
			name = Release;
		};
/* End XCBuildConfiguration section */

/* Begin XCConfigurationList section */
		231DEDEF2ACDADC800C165B4 /* Build configuration list for PBXProject "AppDatabase" */ = {
			isa = XCConfigurationList;
			buildConfigurations = (
				231DEE092ACDADC900C165B4 /* Debug */,
				231DEE0A2ACDADC900C165B4 /* Release */,
			);
			defaultConfigurationIsVisible = 0;
			defaultConfigurationName = Release;
		};
		231DEE0B2ACDADC900C165B4 /* Build configuration list for PBXNativeTarget "AppDatabase" */ = {
			isa = XCConfigurationList;
			buildConfigurations = (
				231DEE0C2ACDADC900C165B4 /* Debug */,
				231DEE0D2ACDADC900C165B4 /* Release */,
			);
			defaultConfigurationIsVisible = 0;
			defaultConfigurationName = Release;
		};
/* End XCConfigurationList section */

/* Begin XCVersionGroup section */
		231DEE002ACDADC800C165B4 /* AppDatabase.xcdatamodeld */ = {
			isa = XCVersionGroup;
			children = (
				231DEE012ACDADC800C165B4 /* AppDatabase.xcdatamodel */,
			);
			currentVersion = 231DEE012ACDADC800C165B4 /* AppDatabase.xcdatamodel */;
			path = AppDatabase.xcdatamodeld;
			sourceTree = "<group>";
			versionGroupType = wrapper.xcdatamodel;
		};
/* End XCVersionGroup section */
	};
	rootObject = 231DEDEC2ACDADC800C165B4 /* Project object */;
}
